{
  "requires": true,
  "lockfileVersion": 1,
  "dependencies": {
    "angular-material": {
      "version": "1.2.2",
      "resolved": "https://registry.npmjs.org/angular-material/-/angular-material-1.2.2.tgz",
      "integrity": "sha512-GtrBzYDg5zHYX/OUqxo72zb9bsY0RDuIA+4ZsZjuv1r+L4q9UAtkeIZzMXVGua6CCNgfB58cKep3TmxtAZhNwg=="
    },
    "sweetalert2": {
      "version": "11.0.18",
      "resolved": "https://registry.npmjs.org/sweetalert2/-/sweetalert2-11.0.18.tgz",
      "integrity": "sha512-sF6huRQqqRGz7p9F8XFKSICl5hOiXjjpmnwAO8vlyJKAyMNZb2fvdok11JIGQjqcqVMIag/VLNWF4eEsIKQKGw=="
    }
  }
}
